{
  "name": "cradle",
  "version": "1.0.0",
  "lockfileVersion": 1,
  "requires": true,
  "dependencies": {
    "accessor-fn": {
      "version": "1.3.1",
      "resolved": "https://registry.npmjs.org/accessor-fn/-/accessor-fn-1.3.1.tgz",
      "integrity": "sha512-OjmTIiR8VfVV02EC/kSYpBnu6D+CmjNIFhTgU/CQk9xTkl36fc2TaU+ffezgz0fokeqNWnNBq3BtCpZMPfn0UQ=="
    },
    "d3-force-bounce": {
      "version": "0.5.9",
      "resolved": "https://registry.npmjs.org/d3-force-bounce/-/d3-force-bounce-0.5.9.tgz",
      "integrity": "sha512-Ocx2y1jJm4n+ZgC8XvVk9Ez6gyfRFdZ/QU+xpWvkoZxGMAbcL+TZ3JZ17YnWobfH1BhT/bVEZivNtaohOPim8A==",
      "requires": {
        "d3-quadtree": "^2.0.0"
      }
    },
    "d3-force-constant": {
      "version": "1.2.0",
      "resolved": "https://registry.npmjs.org/d3-force-constant/-/d3-force-constant-1.2.0.tgz",
      "integrity": "sha512-SMcJsgwa5vdKQfKvopDIcx1dzE6Osoy2IDEubu3hT7Ca7C+Do/gC9iT7RiPZRlq+y/tclR/CLUVaI7Jz9ahgwg==",
      "requires": {
        "accessor-fn": "^1.3.0",
        "kapsule": "^1.13.3"
      }
    },
    "d3-quadtree": {
      "version": "2.0.0",
      "resolved": "https://registry.npmjs.org/d3-quadtree/-/d3-quadtree-2.0.0.tgz",
      "integrity": "sha512-b0Ed2t1UUalJpc3qXzKi+cPGxeXRr4KU9YSlocN74aTzp6R/Ud43t79yLLqxHRWZfsvWXmbDWPpoENK1K539xw=="
    },
    "debounce": {
      "version": "1.2.1",
      "resolved": "https://registry.npmjs.org/debounce/-/debounce-1.2.1.tgz",
      "integrity": "sha512-XRRe6Glud4rd/ZGQfiV1ruXSfbvfJedlV9Y6zOlP+2K04vBYiJEte6stfFkCP03aMnY5tsipamumUjL14fofug=="
    },
    "kapsule": {
      "version": "1.13.4",
      "resolved": "https://registry.npmjs.org/kapsule/-/kapsule-1.13.4.tgz",
      "integrity": "sha512-WZz+NTLKrnAfOkWw+o94HdlO+6QqBretdr8EcNSRVxFPxxyOnnBdpoczwZxYzGZqLJDCJJm9P0gRyds+FT+UDA==",
      "requires": {
        "debounce": "^1.2.1"
      }
    }
  }
}
